// !$*UTF8*$!
{
	archiveVersion = 1;
	classes = {
	};
	objectVersion = 50;
	objects = {

/* Begin PBXBuildFile section */
		790D7A112682958B00DFB8BC /* launch_screenApp.swift in Sources */ = {isa = PBXBuildFile; fileRef = 790D7A102682958B00DFB8BC /* launch_screenApp.swift */; };
		790D7A132682958B00DFB8BC /* ContentView.swift in Sources */ = {isa = PBXBuildFile; fileRef = 790D7A122682958B00DFB8BC /* ContentView.swift */; };
		790D7A152682959400DFB8BC /* Assets.xcassets in Resources */ = {isa = PBXBuildFile; fileRef = 790D7A142682959400DFB8BC /* Assets.xcassets */; };
		790D7A182682959400DFB8BC /* Preview Assets.xcassets in Resources */ = {isa = PBXBuildFile; fileRef = 790D7A172682959400DFB8BC /* Preview Assets.xcassets */; };
		790D7A232682959400DFB8BC /* launch_screenTests.swift in Sources */ = {isa = PBXBuildFile; fileRef = 790D7A222682959400DFB8BC /* launch_screenTests.swift */; };
		790D7A2E2682959400DFB8BC /* launch_screenUITests.swift in Sources */ = {isa = PBXBuildFile; fileRef = 790D7A2D2682959400DFB8BC /* launch_screenUITests.swift */; };
		790D7A3F26829E5E00DFB8BC /* Limelight.ttf in Resources */ = {isa = PBXBuildFile; fileRef = 790D7A3E26829E5E00DFB8BC /* Limelight.ttf */; };
		790D7A4026829E5E00DFB8BC /* Limelight.ttf in Resources */ = {isa = PBXBuildFile; fileRef = 790D7A3E26829E5E00DFB8BC /* Limelight.ttf */; };
		790D7A4126829E5E00DFB8BC /* Limelight.ttf in Resources */ = {isa = PBXBuildFile; fileRef = 790D7A3E26829E5E00DFB8BC /* Limelight.ttf */; };
		79AD30B92683D2370065B1C4 /* tabView.swift in Sources */ = {isa = PBXBuildFile; fileRef = 79AD30B82683D2370065B1C4 /* tabView.swift */; };
		79AD30CD2683D2E60065B1C4 /* fieldSecondView.swift in Sources */ = {isa = PBXBuildFile; fileRef = 79AD30CC2683D2E60065B1C4 /* fieldSecondView.swift */; };
		79AD30D82683D31F0065B1C4 /* homeFirstView.swift in Sources */ = {isa = PBXBuildFile; fileRef = 79AD30D72683D31F0065B1C4 /* homeFirstView.swift */; };
		79AD30E02683D3590065B1C4 /* staffThreadView.swift in Sources */ = {isa = PBXBuildFile; fileRef = 79AD30DF2683D3590065B1C4 /* staffThreadView.swift */; };
/* End PBXBuildFile section */

/* Begin PBXContainerItemProxy section */
		790D7A1F2682959400DFB8BC /* PBXContainerItemProxy */ = {
			isa = PBXContainerItemProxy;
			containerPortal = 790D7A052682958B00DFB8BC /* Project object */;
			proxyType = 1;
			remoteGlobalIDString = 790D7A0C2682958B00DFB8BC;
			remoteInfo = launch_screen;
		};
		790D7A2A2682959400DFB8BC /* PBXContainerItemProxy */ = {
			isa = PBXContainerItemProxy;
			containerPortal = 790D7A052682958B00DFB8BC /* Project object */;
			proxyType = 1;
			remoteGlobalIDString = 790D7A0C2682958B00DFB8BC;
			remoteInfo = launch_screen;
		};
/* End PBXContainerItemProxy section */

/* Begin PBXFileReference section */
		790D7A0D2682958B00DFB8BC /* launch_screen.app */ = {isa = PBXFileReference; explicitFileType = wrapper.application; includeInIndex = 0; path = launch_screen.app; sourceTree = BUILT_PRODUCTS_DIR; };
		790D7A102682958B00DFB8BC /* launch_screenApp.swift */ = {isa = PBXFileReference; lastKnownFileType = sourcecode.swift; path = launch_screenApp.swift; sourceTree = "<group>"; };
		790D7A122682958B00DFB8BC /* ContentView.swift */ = {isa = PBXFileReference; lastKnownFileType = sourcecode.swift; path = ContentView.swift; sourceTree = "<group>"; };
		790D7A142682959400DFB8BC /* Assets.xcassets */ = {isa = PBXFileReference; lastKnownFileType = folder.assetcatalog; path = Assets.xcassets; sourceTree = "<group>"; };
		790D7A172682959400DFB8BC /* Preview Assets.xcassets */ = {isa = PBXFileReference; lastKnownFileType = folder.assetcatalog; path = "Preview Assets.xcassets"; sourceTree = "<group>"; };
		790D7A192682959400DFB8BC /* Info.plist */ = {isa = PBXFileReference; lastKnownFileType = text.plist.xml; path = Info.plist; sourceTree = "<group>"; };
		790D7A1E2682959400DFB8BC /* launch_screenTests.xctest */ = {isa = PBXFileReference; explicitFileType = wrapper.cfbundle; includeInIndex = 0; path = launch_screenTests.xctest; sourceTree = BUILT_PRODUCTS_DIR; };
		790D7A222682959400DFB8BC /* launch_screenTests.swift */ = {isa = PBXFileReference; lastKnownFileType = sourcecode.swift; path = launch_screenTests.swift; sourceTree = "<group>"; };
		790D7A242682959400DFB8BC /* Info.plist */ = {isa = PBXFileReference; lastKnownFileType = text.plist.xml; path = Info.plist; sourceTree = "<group>"; };
		790D7A292682959400DFB8BC /* launch_screenUITests.xctest */ = {isa = PBXFileReference; explicitFileType = wrapper.cfbundle; includeInIndex = 0; path = launch_screenUITests.xctest; sourceTree = BUILT_PRODUCTS_DIR; };
		790D7A2D2682959400DFB8BC /* launch_screenUITests.swift */ = {isa = PBXFileReference; lastKnownFileType = sourcecode.swift; path = launch_screenUITests.swift; sourceTree = "<group>"; };
		790D7A2F2682959400DFB8BC /* Info.plist */ = {isa = PBXFileReference; lastKnownFileType = text.plist.xml; path = Info.plist; sourceTree = "<group>"; };
		790D7A3E26829E5E00DFB8BC /* Limelight.ttf */ = {isa = PBXFileReference; lastKnownFileType = file; path = Limelight.ttf; sourceTree = "<group>"; };
		79AD30B82683D2370065B1C4 /* tabView.swift */ = {isa = PBXFileReference; lastKnownFileType = sourcecode.swift; path = tabView.swift; sourceTree = "<group>"; };
		79AD30CC2683D2E60065B1C4 /* fieldSecondView.swift */ = {isa = PBXFileReference; lastKnownFileType = sourcecode.swift; path = fieldSecondView.swift; sourceTree = "<group>"; };
		79AD30D72683D31F0065B1C4 /* homeFirstView.swift */ = {isa = PBXFileReference; lastKnownFileType = sourcecode.swift; path = homeFirstView.swift; sourceTree = "<group>"; };
		79AD30DF2683D3590065B1C4 /* staffThreadView.swift */ = {isa = PBXFileReference; lastKnownFileType = sourcecode.swift; path = staffThreadView.swift; sourceTree = "<group>"; };
/* End PBXFileReference section */

/* Begin PBXFrameworksBuildPhase section */
		790D7A0A2682958B00DFB8BC /* Frameworks */ = {
			isa = PBXFrameworksBuildPhase;
			buildActionMask = 2147483647;
			files = (
			);
			runOnlyForDeploymentPostprocessing = 0;
		};
		790D7A1B2682959400DFB8BC /* Frameworks */ = {
			isa = PBXFrameworksBuildPhase;
			buildActionMask = 2147483647;
			files = (
			);
			runOnlyForDeploymentPostprocessing = 0;
		};
		790D7A262682959400DFB8BC /* Frameworks */ = {
			isa = PBXFrameworksBuildPhase;
			buildActionMask = 2147483647;
			files = (
			);
			runOnlyForDeploymentPostprocessing = 0;
		};
/* End PBXFrameworksBuildPhase section */

/* Begin PBXGroup section */
		790D7A042682958B00DFB8BC = {
			isa = PBXGroup;
			children = (
				79AD30CB2683D2900065B1C4 /* TabView */,
				790D7A0F2682958B00DFB8BC /* launch_screen */,
				790D7A212682959400DFB8BC /* launch_screenTests */,
				790D7A2C2682959400DFB8BC /* launch_screenUITests */,
				790D7A0E2682958B00DFB8BC /* Products */,
			);
			sourceTree = "<group>";
		};
		790D7A0E2682958B00DFB8BC /* Products */ = {
			isa = PBXGroup;
			children = (
				790D7A0D2682958B00DFB8BC /* launch_screen.app */,
				790D7A1E2682959400DFB8BC /* launch_screenTests.xctest */,
				790D7A292682959400DFB8BC /* launch_screenUITests.xctest */,
			);
			name = Products;
			sourceTree = "<group>";
		};
		790D7A0F2682958B00DFB8BC /* launch_screen */ = {
			isa = PBXGroup;
			children = (
				790D7A102682958B00DFB8BC /* launch_screenApp.swift */,
				790D7A122682958B00DFB8BC /* ContentView.swift */,
				790D7A142682959400DFB8BC /* Assets.xcassets */,
				790D7A192682959400DFB8BC /* Info.plist */,
				790D7A4526829EE500DFB8BC /* Fonts */,
				790D7A162682959400DFB8BC /* Preview Content */,
			);
			path = launch_screen;
			sourceTree = "<group>";
		};
		790D7A162682959400DFB8BC /* Preview Content */ = {
			isa = PBXGroup;
			children = (
				790D7A172682959400DFB8BC /* Preview Assets.xcassets */,
			);
			path = "Preview Content";
			sourceTree = "<group>";
		};
		790D7A212682959400DFB8BC /* launch_screenTests */ = {
			isa = PBXGroup;
			children = (
				790D7A222682959400DFB8BC /* launch_screenTests.swift */,
				790D7A242682959400DFB8BC /* Info.plist */,
			);
			path = launch_screenTests;
			sourceTree = "<group>";
		};
		790D7A2C2682959400DFB8BC /* launch_screenUITests */ = {
			isa = PBXGroup;
			children = (
				790D7A2D2682959400DFB8BC /* launch_screenUITests.swift */,
				790D7A2F2682959400DFB8BC /* Info.plist */,
			);
			path = launch_screenUITests;
			sourceTree = "<group>";
		};
		790D7A4526829EE500DFB8BC /* Fonts */ = {
			isa = PBXGroup;
			children = (
				790D7A3E26829E5E00DFB8BC /* Limelight.ttf */,
			);
			path = Fonts;
			sourceTree = "<group>";
		};
		79AD30CB2683D2900065B1C4 /* TabView */ = {
			isa = PBXGroup;
			children = (
				79AD30B82683D2370065B1C4 /* tabView.swift */,
				79AD30D72683D31F0065B1C4 /* homeFirstView.swift */,
				79AD30CC2683D2E60065B1C4 /* fieldSecondView.swift */,
				79AD30DF2683D3590065B1C4 /* staffThreadView.swift */,
			);
			path = TabView;
			sourceTree = "<group>";
		};
/* End PBXGroup section */

/* Begin PBXNativeTarget section */
		790D7A0C2682958B00DFB8BC /* launch_screen */ = {
			isa = PBXNativeTarget;
			buildConfigurationList = 790D7A322682959400DFB8BC /* Build configuration list for PBXNativeTarget "launch_screen" */;
			buildPhases = (
				790D7A092682958B00DFB8BC /* Sources */,
				790D7A0A2682958B00DFB8BC /* Frameworks */,
				790D7A0B2682958B00DFB8BC /* Resources */,
			);
			buildRules = (
			);
			dependencies = (
			);
			name = launch_screen;
			productName = launch_screen;
			productReference = 790D7A0D2682958B00DFB8BC /* launch_screen.app */;
			productType = "com.apple.product-type.application";
		};
		790D7A1D2682959400DFB8BC /* launch_screenTests */ = {
			isa = PBXNativeTarget;
			buildConfigurationList = 790D7A352682959400DFB8BC /* Build configuration list for PBXNativeTarget "launch_screenTests" */;
			buildPhases = (
				790D7A1A2682959400DFB8BC /* Sources */,
				790D7A1B2682959400DFB8BC /* Frameworks */,
				790D7A1C2682959400DFB8BC /* Resources */,
			);
			buildRules = (
			);
			dependencies = (
				790D7A202682959400DFB8BC /* PBXTargetDependency */,
			);
			name = launch_screenTests;
			productName = launch_screenTests;
			productReference = 790D7A1E2682959400DFB8BC /* launch_screenTests.xctest */;
			productType = "com.apple.product-type.bundle.unit-test";
		};
		790D7A282682959400DFB8BC /* launch_screenUITests */ = {
			isa = PBXNativeTarget;
			buildConfigurationList = 790D7A382682959400DFB8BC /* Build configuration list for PBXNativeTarget "launch_screenUITests" */;
			buildPhases = (
				790D7A252682959400DFB8BC /* Sources */,
				790D7A262682959400DFB8BC /* Frameworks */,
				790D7A272682959400DFB8BC /* Resources */,
			);
			buildRules = (
			);
			dependencies = (
				790D7A2B2682959400DFB8BC /* PBXTargetDependency */,
			);
			name = launch_screenUITests;
			productName = launch_screenUITests;
			productReference = 790D7A292682959400DFB8BC /* launch_screenUITests.xctest */;
			productType = "com.apple.product-type.bundle.ui-testing";
		};
/* End PBXNativeTarget section */

/* Begin PBXProject section */
		790D7A052682958B00DFB8BC /* Project object */ = {
			isa = PBXProject;
			attributes = {
				LastSwiftUpdateCheck = 1230;
				LastUpgradeCheck = 1230;
				TargetAttributes = {
					790D7A0C2682958B00DFB8BC = {
						CreatedOnToolsVersion = 12.3;
					};
					790D7A1D2682959400DFB8BC = {
						CreatedOnToolsVersion = 12.3;
						TestTargetID = 790D7A0C2682958B00DFB8BC;
					};
					790D7A282682959400DFB8BC = {
						CreatedOnToolsVersion = 12.3;
						TestTargetID = 790D7A0C2682958B00DFB8BC;
					};
				};
			};
			buildConfigurationList = 790D7A082682958B00DFB8BC /* Build configuration list for PBXProject "launch_screen" */;
			compatibilityVersion = "Xcode 9.3";
			developmentRegion = en;
			hasScannedForEncodings = 0;
			knownRegions = (
				en,
				Base,
			);
			mainGroup = 790D7A042682958B00DFB8BC;
			productRefGroup = 790D7A0E2682958B00DFB8BC /* Products */;
			projectDirPath = "";
			projectRoot = "";
			targets = (
				790D7A0C2682958B00DFB8BC /* launch_screen */,
				790D7A1D2682959400DFB8BC /* launch_screenTests */,
				790D7A282682959400DFB8BC /* launch_screenUITests */,
			);
		};
/* End PBXProject section */

/* Begin PBXResourcesBuildPhase section */
		790D7A0B2682958B00DFB8BC /* Resources */ = {
			isa = PBXResourcesBuildPhase;
			buildActionMask = 2147483647;
			files = (
				790D7A182682959400DFB8BC /* Preview Assets.xcassets in Resources */,
				790D7A152682959400DFB8BC /* Assets.xcassets in Resources */,
				790D7A3F26829E5E00DFB8BC /* Limelight.ttf in Resources */,
			);
			runOnlyForDeploymentPostprocessing = 0;
		};
		790D7A1C2682959400DFB8BC /* Resources */ = {
			isa = PBXResourcesBuildPhase;
			buildActionMask = 2147483647;
			files = (
				790D7A4026829E5E00DFB8BC /* Limelight.ttf in Resources */,
			);
			runOnlyForDeploymentPostprocessing = 0;
		};
		790D7A272682959400DFB8BC /* Resources */ = {
			isa = PBXResourcesBuildPhase;
			buildActionMask = 2147483647;
			files = (
				790D7A4126829E5E00DFB8BC /* Limelight.ttf in Resources */,
			);
			runOnlyForDeploymentPostprocessing = 0;
		};
/* End PBXResourcesBuildPhase section */

/* Begin PBXSourcesBuildPhase section */
		790D7A092682958B00DFB8BC /* Sources */ = {
			isa = PBXSourcesBuildPhase;
			buildActionMask = 2147483647;
			files = (
				79AD30E02683D3590065B1C4 /* staffThreadView.swift in Sources */,
				790D7A132682958B00DFB8BC /* ContentView.swift in Sources */,
				790D7A112682958B00DFB8BC /* launch_screenApp.swift in Sources */,
				79AD30B92683D2370065B1C4 /* tabView.swift in Sources */,
				79AD30CD2683D2E60065B1C4 /* fieldSecondView.swift in Sources */,
				79AD30D82683D31F0065B1C4 /* homeFirstView.swift in Sources */,
			);
			runOnlyForDeploymentPostprocessing = 0;
		};
		790D7A1A2682959400DFB8BC /* Sources */ = {
			isa = PBXSourcesBuildPhase;
			buildActionMask = 2147483647;
			files = (
				790D7A232682959400DFB8BC /* launch_screenTests.swift in Sources */,
			);
			runOnlyForDeploymentPostprocessing = 0;
		};
		790D7A252682959400DFB8BC /* Sources */ = {
			isa = PBXSourcesBuildPhase;
			buildActionMask = 2147483647;
			files = (
				790D7A2E2682959400DFB8BC /* launch_screenUITests.swift in Sources */,
			);
			runOnlyForDeploymentPostprocessing = 0;
		};
/* End PBXSourcesBuildPhase section */

/* Begin PBXTargetDependency section */
		790D7A202682959400DFB8BC /* PBXTargetDependency */ = {
			isa = PBXTargetDependency;
			target = 790D7A0C2682958B00DFB8BC /* launch_screen */;
			targetProxy = 790D7A1F2682959400DFB8BC /* PBXContainerItemProxy */;
		};
		790D7A2B2682959400DFB8BC /* PBXTargetDependency */ = {
			isa = PBXTargetDependency;
			target = 790D7A0C2682958B00DFB8BC /* launch_screen */;
			targetProxy = 790D7A2A2682959400DFB8BC /* PBXContainerItemProxy */;
		};
/* End PBXTargetDependency section */

/* Begin XCBuildConfiguration section */
		790D7A302682959400DFB8BC /* Debug */ = {
			isa = XCBuildConfiguration;
			buildSettings = {
				ALWAYS_SEARCH_USER_PATHS = NO;
				CLANG_ANALYZER_NONNULL = YES;
				CLANG_ANALYZER_NUMBER_OBJECT_CONVERSION = YES_AGGRESSIVE;
				CLANG_CXX_LANGUAGE_STANDARD = "gnu++14";
				CLANG_CXX_LIBRARY = "libc++";
				CLANG_ENABLE_MODULES = YES;
				CLANG_ENABLE_OBJC_ARC = YES;
				CLANG_ENABLE_OBJC_WEAK = YES;
				CLANG_WARN_BLOCK_CAPTURE_AUTORELEASING = YES;
				CLANG_WARN_BOOL_CONVERSION = YES;
				CLANG_WARN_COMMA = YES;
				CLANG_WARN_CONSTANT_CONVERSION = YES;
				CLANG_WARN_DEPRECATED_OBJC_IMPLEMENTATIONS = YES;
				CLANG_WARN_DIRECT_OBJC_ISA_USAGE = YES_ERROR;
				CLANG_WARN_DOCUMENTATION_COMMENTS = YES;
				CLANG_WARN_EMPTY_BODY = YES;
				CLANG_WARN_ENUM_CONVERSION = YES;
				CLANG_WARN_INFINITE_RECURSION = YES;
				CLANG_WARN_INT_CONVERSION = YES;
				CLANG_WARN_NON_LITERAL_NULL_CONVERSION = YES;
				CLANG_WARN_OBJC_IMPLICIT_RETAIN_SELF = YES;
				CLANG_WARN_OBJC_LITERAL_CONVERSION = YES;
				CLANG_WARN_OBJC_ROOT_CLASS = YES_ERROR;
				CLANG_WARN_QUOTED_INCLUDE_IN_FRAMEWORK_HEADER = YES;
				CLANG_WARN_RANGE_LOOP_ANALYSIS = YES;
				CLANG_WARN_STRICT_PROTOTYPES = YES;
				CLANG_WARN_SUSPICIOUS_MOVE = YES;
				CLANG_WARN_UNGUARDED_AVAILABILITY = YES_AGGRESSIVE;
				CLANG_WARN_UNREACHABLE_CODE = YES;
				CLANG_WARN__DUPLICATE_METHOD_MATCH = YES;
				COPY_PHASE_STRIP = NO;
				DEBUG_INFORMATION_FORMAT = dwarf;
				ENABLE_STRICT_OBJC_MSGSEND = YES;
				ENABLE_TESTABILITY = YES;
				GCC_C_LANGUAGE_STANDARD = gnu11;
				GCC_DYNAMIC_NO_PIC = NO;
				GCC_NO_COMMON_BLOCKS = YES;
				GCC_OPTIMIZATION_LEVEL = 0;
				GCC_PREPROCESSOR_DEFINITIONS = (
					"DEBUG=1",
					"$(inherited)",
				);
				GCC_WARN_64_TO_32_BIT_CONVERSION = YES;
				GCC_WARN_ABOUT_RETURN_TYPE = YES_ERROR;
				GCC_WARN_UNDECLARED_SELECTOR = YES;
				GCC_WARN_UNINITIALIZED_AUTOS = YES_AGGRESSIVE;
				GCC_WARN_UNUSED_FUNCTION = YES;
				GCC_WARN_UNUSED_VARIABLE = YES;
				IPHONEOS_DEPLOYMENT_TARGET = 14.3;
				MTL_ENABLE_DEBUG_INFO = INCLUDE_SOURCE;
				MTL_FAST_MATH = YES;
				ONLY_ACTIVE_ARCH = YES;
				SDKROOT = iphoneos;
				SWIFT_ACTIVE_COMPILATION_CONDITIONS = DEBUG;
				SWIFT_OPTIMIZATION_LEVEL = "-Onone";
			};
			name = Debug;
		};
		790D7A312682959400DFB8BC /* Release */ = {
			isa = XCBuildConfiguration;
			buildSettings = {
				ALWAYS_SEARCH_USER_PATHS = NO;
				CLANG_ANALYZER_NONNULL = YES;
				CLANG_ANALYZER_NUMBER_OBJECT_CONVERSION = YES_AGGRESSIVE;
				CLANG_CXX_LANGUAGE_STANDARD = "gnu++14";
				CLANG_CXX_LIBRARY = "libc++";
				CLANG_ENABLE_MODULES = YES;
				CLANG_ENABLE_OBJC_ARC = YES;
				CLANG_ENABLE_OBJC_WEAK = YES;
				CLANG_WARN_BLOCK_CAPTURE_AUTORELEASING = YES;
				CLANG_WARN_BOOL_CONVERSION = YES;
				CLANG_WARN_COMMA = YES;
				CLANG_WARN_CONSTANT_CONVERSION = YES;
				CLANG_WARN_DEPRECATED_OBJC_IMPLEMENTATIONS = YES;
				CLANG_WARN_DIRECT_OBJC_ISA_USAGE = YES_ERROR;
				CLANG_WARN_DOCUMENTATION_COMMENTS = YES;
				CLANG_WARN_EMPTY_BODY = YES;
				CLANG_WARN_ENUM_CONVERSION = YES;
				CLANG_WARN_INFINITE_RECURSION = YES;
				CLANG_WARN_INT_CONVERSION = YES;
				CLANG_WARN_NON_LITERAL_NULL_CONVERSION = YES;
				CLANG_WARN_OBJC_IMPLICIT_RETAIN_SELF = YES;
				CLANG_WARN_OBJC_LITERAL_CONVERSION = YES;
				CLANG_WARN_OBJC_ROOT_CLASS = YES_ERROR;
				CLANG_WARN_QUOTED_INCLUDE_IN_FRAMEWORK_HEADER = YES;
				CLANG_WARN_RANGE_LOOP_ANALYSIS = YES;
				CLANG_WARN_STRICT_PROTOTYPES = YES;
				CLANG_WARN_SUSPICIOUS_MOVE = YES;
				CLANG_WARN_UNGUARDED_AVAILABILITY = YES_AGGRESSIVE;
				CLANG_WARN_UNREACHABLE_CODE = YES;
				CLANG_WARN__DUPLICATE_METHOD_MATCH = YES;
				COPY_PHASE_STRIP = NO;
				DEBUG_INFORMATION_FORMAT = "dwarf-with-dsym";
				ENABLE_NS_ASSERTIONS = NO;
				ENABLE_STRICT_OBJC_MSGSEND = YES;
				GCC_C_LANGUAGE_STANDARD = gnu11;
				GCC_NO_COMMON_BLOCKS = YES;
				GCC_WARN_64_TO_32_BIT_CONVERSION = YES;
				GCC_WARN_ABOUT_RETURN_TYPE = YES_ERROR;
				GCC_WARN_UNDECLARED_SELECTOR = YES;
				GCC_WARN_UNINITIALIZED_AUTOS = YES_AGGRESSIVE;
				GCC_WARN_UNUSED_FUNCTION = YES;
				GCC_WARN_UNUSED_VARIABLE = YES;
				IPHONEOS_DEPLOYMENT_TARGET = 14.3;
				MTL_ENABLE_DEBUG_INFO = NO;
				MTL_FAST_MATH = YES;
				SDKROOT = iphoneos;
				SWIFT_COMPILATION_MODE = wholemodule;
				SWIFT_OPTIMIZATION_LEVEL = "-O";
				VALIDATE_PRODUCT = YES;
			};
			name = Release;
		};
		790D7A332682959400DFB8BC /* Debug */ = {
			isa = XCBuildConfiguration;
			buildSettings = {
				ASSETCATALOG_COMPILER_APPICON_NAME = AppIcon;
				ASSETCATALOG_COMPILER_GLOBAL_ACCENT_COLOR_NAME = AccentColor;
				CODE_SIGN_STYLE = Automatic;
				DEVELOPMENT_ASSET_PATHS = "\"launch_screen/Preview Content\"";
				ENABLE_PREVIEWS = YES;
				INFOPLIST_FILE = launch_screen/Info.plist;
				IPHONEOS_DEPLOYMENT_TARGET = 14.0;
				LD_RUNPATH_SEARCH_PATHS = (
					"$(inherited)",
					"@executable_path/Frameworks",
				);
				PRODUCT_BUNDLE_IDENTIFIER = "learn.launch-screen";
				PRODUCT_NAME = "$(TARGET_NAME)";
				SWIFT_VERSION = 5.0;
				TARGETED_DEVICE_FAMILY = "1,2";
			};
			name = Debug;
		};
		790D7A342682959400DFB8BC /* Release */ = {
			isa = XCBuildConfiguration;
			buildSettings = {
				ASSETCATALOG_COMPILER_APPICON_NAME = AppIcon;
				ASSETCATALOG_COMPILER_GLOBAL_ACCENT_COLOR_NAME = AccentColor;
				CODE_SIGN_STYLE = Automatic;
				DEVELOPMENT_ASSET_PATHS = "\"launch_screen/Preview Content\"";
				ENABLE_PREVIEWS = YES;
				INFOPLIST_FILE = launch_screen/Info.plist;
				IPHONEOS_DEPLOYMENT_TARGET = 14.0;
				LD_RUNPATH_SEARCH_PATHS = (
					"$(inherited)",
					"@executable_path/Frameworks",
				);
				PRODUCT_BUNDLE_IDENTIFIER = "learn.launch-screen";
				PRODUCT_NAME = "$(TARGET_NAME)";
				SWIFT_VERSION = 5.0;
				TARGETED_DEVICE_FAMILY = "1,2";
			};
			name = Release;
		};
		790D7A362682959400DFB8BC /* Debug */ = {
			isa = XCBuildConfiguration;
			buildSettings = {
				ALWAYS_EMBED_SWIFT_STANDARD_LIBRARIES = YES;
				BUNDLE_LOADER = "$(TEST_HOST)";
				CODE_SIGN_STYLE = Automatic;
				INFOPLIST_FILE = launch_screenTests/Info.plist;
				IPHONEOS_DEPLOYMENT_TARGET = 14.0;
				LD_RUNPATH_SEARCH_PATHS = (
					"$(inherited)",
					"@executable_path/Frameworks",
					"@loader_path/Frameworks",
				);
				PRODUCT_BUNDLE_IDENTIFIER = "learn.launch-screenTests";
				PRODUCT_NAME = "$(TARGET_NAME)";
				SWIFT_VERSION = 5.0;
				TARGETED_DEVICE_FAMILY = "1,2";
				TEST_HOST = "$(BUILT_PRODUCTS_DIR)/launch_screen.app/launch_screen";
			};
			name = Debug;
		};
		790D7A372682959400DFB8BC /* Release */ = {
			isa = XCBuildConfiguration;
			buildSettings = {
				ALWAYS_EMBED_SWIFT_STANDARD_LIBRARIES = YES;
				BUNDLE_LOADER = "$(TEST_HOST)";
				CODE_SIGN_STYLE = Automatic;
				INFOPLIST_FILE = launch_screenTests/Info.plist;
				IPHONEOS_DEPLOYMENT_TARGET = 14.0;
				LD_RUNPATH_SEARCH_PATHS = (
					"$(inherited)",
					"@executable_path/Frameworks",
					"@loader_path/Frameworks",
				);
				PRODUCT_BUNDLE_IDENTIFIER = "learn.launch-screenTests";
				PRODUCT_NAME = "$(TARGET_NAME)";
				SWIFT_VERSION = 5.0;
				TARGETED_DEVICE_FAMILY = "1,2";
				TEST_HOST = "$(BUILT_PRODUCTS_DIR)/launch_screen.app/launch_screen";
			};
			name = Release;
		};
		790D7A392682959400DFB8BC /* Debug */ = {
			isa = XCBuildConfiguration;
			buildSettings = {
				ALWAYS_EMBED_SWIFT_STANDARD_LIBRARIES = YES;
				CODE_SIGN_STYLE = Automatic;
				INFOPLIST_FILE = launch_screenUITests/Info.plist;
				LD_RUNPATH_SEARCH_PATHS = (
					"$(inherited)",
					"@executable_path/Frameworks",
					"@loader_path/Frameworks",
				);
				PRODUCT_BUNDLE_IDENTIFIER = "learn.launch-screenUITests";
				PRODUCT_NAME = "$(TARGET_NAME)";
				SWIFT_VERSION = 5.0;
				TARGETED_DEVICE_FAMILY = "1,2";
				TEST_TARGET_NAME = launch_screen;
			};
			name = Debug;
		};
		790D7A3A2682959400DFB8BC /* Release */ = {
			isa = XCBuildConfiguration;
			buildSettings = {
				ALWAYS_EMBED_SWIFT_STANDARD_LIBRARIES = YES;
				CODE_SIGN_STYLE = Automatic;
				INFOPLIST_FILE = launch_screenUITests/Info.plist;
				LD_RUNPATH_SEARCH_PATHS = (
					"$(inherited)",
					"@executable_path/Frameworks",
					"@loader_path/Frameworks",
				);
				PRODUCT_BUNDLE_IDENTIFIER = "learn.launch-screenUITests";
				PRODUCT_NAME = "$(TARGET_NAME)";
				SWIFT_VERSION = 5.0;
				TARGETED_DEVICE_FAMILY = "1,2";
				TEST_TARGET_NAME = launch_screen;
			};
			name = Release;
		};
/* End XCBuildConfiguration section */

/* Begin XCConfigurationList section */
		790D7A082682958B00DFB8BC /* Build configuration list for PBXProject "launch_screen" */ = {
			isa = XCConfigurationList;
			buildConfigurations = (
				790D7A302682959400DFB8BC /* Debug */,
				790D7A312682959400DFB8BC /* Release */,
			);
			defaultConfigurationIsVisible = 0;
			defaultConfigurationName = Release;
		};
		790D7A322682959400DFB8BC /* Build configuration list for PBXNativeTarget "launch_screen" */ = {
			isa = XCConfigurationList;
			buildConfigurations = (
				790D7A332682959400DFB8BC /* Debug */,
				790D7A342682959400DFB8BC /* Release */,
			);
			defaultConfigurationIsVisible = 0;
			defaultConfigurationName = Release;
		};
		790D7A352682959400DFB8BC /* Build configuration list for PBXNativeTarget "launch_screenTests" */ = {
			isa = XCConfigurationList;
			buildConfigurations = (
				790D7A362682959400DFB8BC /* Debug */,
				790D7A372682959400DFB8BC /* Release */,
			);
			defaultConfigurationIsVisible = 0;
			defaultConfigurationName = Release;
		};
		790D7A382682959400DFB8BC /* Build configuration list for PBXNativeTarget "launch_screenUITests" */ = {
			isa = XCConfigurationList;
			buildConfigurations = (
				790D7A392682959400DFB8BC /* Debug */,
				790D7A3A2682959400DFB8BC /* Release */,
			);
			defaultConfigurationIsVisible = 0;
			defaultConfigurationName = Release;
		};
/* End XCConfigurationList section */
	};
	rootObject = 790D7A052682958B00DFB8BC /* Project object */;
}
